
Microsoft Visual Studio Solution File, Format Version 12.00
# Visual Studio Version 16
VisualStudioVersion = 16.0.29020.237
MinimumVisualStudioVersion = 10.0.40219.1
Project("{9A19103F-16F7-4668-BE54-9A1E7A4F7556}") = "OSS.Web", "OSS.Web\OSS.Web.csproj", "{D6C4FD9F-BE02-427F-978D-76E64428AF65}"
EndProject
Project("{9A19103F-16F7-4668-BE54-9A1E7A4F7556}") = "OSS.Data", "..\OSS.Data\OSS.Data.csproj", "{627659BF-E23C-4E59-805E-F3E350C256C3}"
EndProject
Project("{9A19103F-16F7-4668-BE54-9A1E7A4F7556}") = "OSS.Services", "..\OSS.Services\OSS.Services.csproj", "{D621A4F4-8C1E-490D-B4EC-901840E0F007}"
EndProject
Global
	GlobalSection(SolutionConfigurationPlatforms) = preSolution
		Debug|Any CPU = Debug|Any CPU
		Release|Any CPU = Release|Any CPU
	EndGlobalSection
	GlobalSection(ProjectConfigurationPlatforms) = postSolution
		{D6C4FD9F-BE02-427F-978D-76E64428AF65}.Debug|Any CPU.ActiveCfg = Debug|Any CPU
		{D6C4FD9F-BE02-427F-978D-76E64428AF65}.Debug|Any CPU.Build.0 = Debug|Any CPU
		{D6C4FD9F-BE02-427F-978D-76E64428AF65}.Release|Any CPU.ActiveCfg = Release|Any CPU
		{D6C4FD9F-BE02-427F-978D-76E64428AF65}.Release|Any CPU.Build.0 = Release|Any CPU
		{627659BF-E23C-4E59-805E-F3E350C256C3}.Debug|Any CPU.ActiveCfg = Debug|Any CPU
		{627659BF-E23C-4E59-805E-F3E350C256C3}.Debug|Any CPU.Build.0 = Debug|Any CPU
		{627659BF-E23C-4E59-805E-F3E350C256C3}.Release|Any CPU.ActiveCfg = Release|Any CPU
		{627659BF-E23C-4E59-805E-F3E350C256C3}.Release|Any CPU.Build.0 = Release|Any CPU
		{D621A4F4-8C1E-490D-B4EC-901840E0F007}.Debug|Any CPU.ActiveCfg = Debug|Any CPU
		{D621A4F4-8C1E-490D-B4EC-901840E0F007}.Debug|Any CPU.Build.0 = Debug|Any CPU
		{D621A4F4-8C1E-490D-B4EC-901840E0F007}.Release|Any CPU.ActiveCfg = Release|Any CPU
		{D621A4F4-8C1E-490D-B4EC-901840E0F007}.Release|Any CPU.Build.0 = Release|Any CPU
	EndGlobalSection
	GlobalSection(SolutionProperties) = preSolution
		HideSolutionNode = FALSE
	EndGlobalSection
	GlobalSection(ExtensibilityGlobals) = postSolution
		SolutionGuid = {06029E1C-1702-42FA-A04E-5953AB9E6631}
	EndGlobalSection
	GlobalSection(TeamFoundationVersionControl) = preSolution
		SccNumberOfProjects = 4
		SccEnterpriseProvider = {4CA58AB2-18FA-4F8D-95D4-32DDF27D184C}
		SccTeamFoundationServer = https://essamshihata.visualstudio.com/
		SccLocalPath0 = .
		SccProjectUniqueName1 = ..\\OSS.Data\\OSS.Data.csproj
		SccProjectName1 = ../OSS.Data
		SccLocalPath1 = ..\\OSS.Data
		SccProjectUniqueName2 = ..\\OSS.Services\\OSS.Services.csproj
		SccProjectName2 = ../OSS.Services
		SccLocalPath2 = ..\\OSS.Services
		SccProjectUniqueName3 = OSS.Web\\OSS.Web.csproj
		SccProjectName3 = OSS.Web
		SccLocalPath3 = OSS.Web
	EndGlobalSection
EndGlobal
